
Microsoft Visual Studio Solution File, Format Version 12.00
# Visual Studio Version 17
VisualStudioVersion = 17.0.31912.275
MinimumVisualStudioVersion = 10.0.40219.1
Project("{9A19103F-16F7-4668-BE54-9A1E7A4F7556}") = "ProvaLinq", "..\ProvaLinq\ProvaLinq.csproj", "{C1A1B03F-2ECE-42B2-9A73-874512542DE0}"
EndProject
Project("{FAE04EC0-301F-11D3-BF4B-00C04F79EFBC}") = "LinqXML", "LinqXML.csproj", "{453032CA-E6D4-4725-BF2F-17CE74413438}"
EndProject
Global
	GlobalSection(SolutionConfigurationPlatforms) = preSolution
		Debug|Any CPU = Debug|Any CPU
		Release|Any CPU = Release|Any CPU
	EndGlobalSection
	GlobalSection(ProjectConfigurationPlatforms) = postSolution
		{C1A1B03F-2ECE-42B2-9A73-874512542DE0}.Debug|Any CPU.ActiveCfg = Debug|Any CPU
		{C1A1B03F-2ECE-42B2-9A73-874512542DE0}.Debug|Any CPU.Build.0 = Debug|Any CPU
		{C1A1B03F-2ECE-42B2-9A73-874512542DE0}.Release|Any CPU.ActiveCfg = Release|Any CPU
		{C1A1B03F-2ECE-42B2-9A73-874512542DE0}.Release|Any CPU.Build.0 = Release|Any CPU
		{453032CA-E6D4-4725-BF2F-17CE74413438}.Debug|Any CPU.ActiveCfg = Debug|Any CPU
		{453032CA-E6D4-4725-BF2F-17CE74413438}.Debug|Any CPU.Build.0 = Debug|Any CPU
		{453032CA-E6D4-4725-BF2F-17CE74413438}.Release|Any CPU.ActiveCfg = Release|Any CPU
		{453032CA-E6D4-4725-BF2F-17CE74413438}.Release|Any CPU.Build.0 = Release|Any CPU
	EndGlobalSection
	GlobalSection(SolutionProperties) = preSolution
		HideSolutionNode = FALSE
	EndGlobalSection
	GlobalSection(ExtensibilityGlobals) = postSolution
		SolutionGuid = {E18BE587-6285-48D6-8505-00AA49D8F672}
	EndGlobalSection
EndGlobal
